{
  "name": "one-recycle",
  "lockfileVersion": 3,
  "requires": true,
  "packages": {
    "": {
      "devDependencies": {
        "baseline-browser-mapping": "^2.9.15"
      }
    },
    "node_modules/baseline-browser-mapping": {
      "version": "2.9.15",
      "resolved": "https://registry.npmmirror.com/baseline-browser-mapping/-/baseline-browser-mapping-2.9.15.tgz",
      "integrity": "sha512-kX8h7K2srmDyYnXRIppo4AH/wYgzWVCs+eKr3RusRSQ5PvRYoEFmR/I0PbdTjKFAoKqp5+kbxnNTFO9jOfSVJg==",
      "dev": true,
      "license": "Apache-2.0",
      "bin": {
        "baseline-browser-mapping": "dist/cli.js"
      }
    }
  }
}
